
Microsoft Visual Studio Solution File, Format Version 12.00
# Visual Studio 2012
Project("{FAE04EC0-301F-11D3-BF4B-00C04F79EFBC}") = "SuperOfertas", "SuperOfertas\SuperOfertas.csproj", "{9040241A-9096-4C28-8B56-1ECC9AB5DE31}"
EndProject
Project("{FAE04EC0-301F-11D3-BF4B-00C04F79EFBC}") = "SuperOfertas.iOS", "iOS\SuperOfertas.iOS.csproj", "{36ED05F8-1A0B-483C-9B56-675C5D81A270}"
EndProject
Project("{FAE04EC0-301F-11D3-BF4B-00C04F79EFBC}") = "SuperOfertas.Droid", "Droid\SuperOfertas.Droid.csproj", "{4DA52769-41A0-4C02-9713-1D03BA9D71D7}"
EndProject
Global
	GlobalSection(SolutionConfigurationPlatforms) = preSolution
		Debug|Any CPU = Debug|Any CPU
		Release|Any CPU = Release|Any CPU
		Debug|iPhoneSimulator = Debug|iPhoneSimulator
		Release|iPhone = Release|iPhone
		Release|iPhoneSimulator = Release|iPhoneSimulator
		Debug|iPhone = Debug|iPhone
	EndGlobalSection
	GlobalSection(ProjectConfigurationPlatforms) = postSolution
		{9040241A-9096-4C28-8B56-1ECC9AB5DE31}.Debug|Any CPU.ActiveCfg = Debug|Any CPU
		{9040241A-9096-4C28-8B56-1ECC9AB5DE31}.Debug|Any CPU.Build.0 = Debug|Any CPU
		{9040241A-9096-4C28-8B56-1ECC9AB5DE31}.Release|Any CPU.ActiveCfg = Release|Any CPU
		{9040241A-9096-4C28-8B56-1ECC9AB5DE31}.Release|Any CPU.Build.0 = Release|Any CPU
		{9040241A-9096-4C28-8B56-1ECC9AB5DE31}.Debug|iPhoneSimulator.ActiveCfg = Debug|Any CPU
		{9040241A-9096-4C28-8B56-1ECC9AB5DE31}.Debug|iPhoneSimulator.Build.0 = Debug|Any CPU
		{9040241A-9096-4C28-8B56-1ECC9AB5DE31}.Release|iPhone.ActiveCfg = Release|Any CPU
		{9040241A-9096-4C28-8B56-1ECC9AB5DE31}.Release|iPhone.Build.0 = Release|Any CPU
		{9040241A-9096-4C28-8B56-1ECC9AB5DE31}.Release|iPhoneSimulator.ActiveCfg = Release|Any CPU
		{9040241A-9096-4C28-8B56-1ECC9AB5DE31}.Release|iPhoneSimulator.Build.0 = Release|Any CPU
		{9040241A-9096-4C28-8B56-1ECC9AB5DE31}.Debug|iPhone.ActiveCfg = Debug|Any CPU
		{9040241A-9096-4C28-8B56-1ECC9AB5DE31}.Debug|iPhone.Build.0 = Debug|Any CPU
		{36ED05F8-1A0B-483C-9B56-675C5D81A270}.Debug|Any CPU.ActiveCfg = Debug|iPhoneSimulator
		{36ED05F8-1A0B-483C-9B56-675C5D81A270}.Debug|Any CPU.Build.0 = Debug|iPhoneSimulator
		{36ED05F8-1A0B-483C-9B56-675C5D81A270}.Release|Any CPU.ActiveCfg = Release|iPhone
		{36ED05F8-1A0B-483C-9B56-675C5D81A270}.Release|Any CPU.Build.0 = Release|iPhone
		{36ED05F8-1A0B-483C-9B56-675C5D81A270}.Debug|iPhoneSimulator.ActiveCfg = Debug|iPhoneSimulator
		{36ED05F8-1A0B-483C-9B56-675C5D81A270}.Debug|iPhoneSimulator.Build.0 = Debug|iPhoneSimulator
		{36ED05F8-1A0B-483C-9B56-675C5D81A270}.Release|iPhone.ActiveCfg = Release|iPhone
		{36ED05F8-1A0B-483C-9B56-675C5D81A270}.Release|iPhone.Build.0 = Release|iPhone
		{36ED05F8-1A0B-483C-9B56-675C5D81A270}.Release|iPhoneSimulator.ActiveCfg = Release|iPhoneSimulator
		{36ED05F8-1A0B-483C-9B56-675C5D81A270}.Release|iPhoneSimulator.Build.0 = Release|iPhoneSimulator
		{36ED05F8-1A0B-483C-9B56-675C5D81A270}.Debug|iPhone.ActiveCfg = Debug|iPhone
		{36ED05F8-1A0B-483C-9B56-675C5D81A270}.Debug|iPhone.Build.0 = Debug|iPhone
		{4DA52769-41A0-4C02-9713-1D03BA9D71D7}.Debug|Any CPU.ActiveCfg = Debug|Any CPU
		{4DA52769-41A0-4C02-9713-1D03BA9D71D7}.Debug|Any CPU.Build.0 = Debug|Any CPU
		{4DA52769-41A0-4C02-9713-1D03BA9D71D7}.Release|Any CPU.ActiveCfg = Release|Any CPU
		{4DA52769-41A0-4C02-9713-1D03BA9D71D7}.Release|Any CPU.Build.0 = Release|Any CPU
		{4DA52769-41A0-4C02-9713-1D03BA9D71D7}.Debug|iPhoneSimulator.ActiveCfg = Debug|Any CPU
		{4DA52769-41A0-4C02-9713-1D03BA9D71D7}.Debug|iPhoneSimulator.Build.0 = Debug|Any CPU
		{4DA52769-41A0-4C02-9713-1D03BA9D71D7}.Release|iPhone.ActiveCfg = Release|Any CPU
		{4DA52769-41A0-4C02-9713-1D03BA9D71D7}.Release|iPhone.Build.0 = Release|Any CPU
		{4DA52769-41A0-4C02-9713-1D03BA9D71D7}.Release|iPhoneSimulator.ActiveCfg = Release|Any CPU
		{4DA52769-41A0-4C02-9713-1D03BA9D71D7}.Release|iPhoneSimulator.Build.0 = Release|Any CPU
		{4DA52769-41A0-4C02-9713-1D03BA9D71D7}.Debug|iPhone.ActiveCfg = Debug|Any CPU
		{4DA52769-41A0-4C02-9713-1D03BA9D71D7}.Debug|iPhone.Build.0 = Debug|Any CPU
	EndGlobalSection
EndGlobal
